
Microsoft Visual Studio Solution File, Format Version 12.00
# Visual Studio 14
VisualStudioVersion = 14.0.25420.1
MinimumVisualStudioVersion = 10.0.40219.1
Project("{2150E333-8FDC-42A3-9474-1A3956D46DE8}") = "TelerikXFApp1.WinRT", "TelerikXFApp1.WinRT", "{ED3F8890-FD1B-4EC8-A59A-3C5BB91AE959}"
EndProject
Project("{D954291E-2A0B-460D-934E-DC6B0785DB48}") = "TelerikXFApp1.WinRT.Shared", "TelerikXFApp1\WinRT\TelerikXFApp1.WinRT.Shared\TelerikXFApp1.WinRT.Shared.shproj", "{3B39507A-7A2C-4F46-BFE3-38BEA63268F7}"
EndProject
Project("{FAE04EC0-301F-11D3-BF4B-00C04F79EFBC}") = "TelerikXFApp1.WinRT.Windows", "TelerikXFApp1\WinRT\TelerikXFApp1.WinRT.Windows\TelerikXFApp1.WinRT.Windows.csproj", "{CE718083-AAB9-48E7-BC50-9AD5625D79D7}"
EndProject
Project("{FAE04EC0-301F-11D3-BF4B-00C04F79EFBC}") = "TelerikXFApp1.WinRT.WindowsPhone", "TelerikXFApp1\WinRT\TelerikXFApp1.WinRT.WindowsPhone\TelerikXFApp1.WinRT.WindowsPhone.csproj", "{2F011AE2-B23A-4850-913E-56415ECC0628}"
EndProject
Project("{FAE04EC0-301F-11D3-BF4B-00C04F79EFBC}") = "TelerikXFApp1.Android", "Android\TelerikXFApp1.Android.csproj", "{C30CBBA2-41A8-4752-81F5-E9DC820C47F5}"
EndProject
Project("{FAE04EC0-301F-11D3-BF4B-00C04F79EFBC}") = "TelerikXFApp1.Portable", "Portable\TelerikXFApp1.Portable.csproj", "{8CBB691F-7078-4420-94D6-D739F95E01AA}"
EndProject
Global
	GlobalSection(SharedMSBuildProjectFiles) = preSolution
		TelerikXFApp1\WinRT\TelerikXFApp1.WinRT.Shared\TelerikXFApp1.WinRT.Shared.projitems*{2f011ae2-b23a-4850-913e-56415ecc0628}*SharedItemsImports = 4
		TelerikXFApp1\WinRT\TelerikXFApp1.WinRT.Shared\TelerikXFApp1.WinRT.Shared.projitems*{3b39507a-7a2c-4f46-bfe3-38bea63268f7}*SharedItemsImports = 13
		TelerikXFApp1\WinRT\TelerikXFApp1.WinRT.Shared\TelerikXFApp1.WinRT.Shared.projitems*{ce718083-aab9-48e7-bc50-9ad5625d79d7}*SharedItemsImports = 4
	EndGlobalSection
	GlobalSection(SolutionConfigurationPlatforms) = preSolution
		Ad-Hoc|Any CPU = Ad-Hoc|Any CPU
		Ad-Hoc|ARM = Ad-Hoc|ARM
		Ad-Hoc|iPhone = Ad-Hoc|iPhone
		Ad-Hoc|iPhoneSimulator = Ad-Hoc|iPhoneSimulator
		Ad-Hoc|x64 = Ad-Hoc|x64
		Ad-Hoc|x86 = Ad-Hoc|x86
		AppStore|Any CPU = AppStore|Any CPU
		AppStore|ARM = AppStore|ARM
		AppStore|iPhone = AppStore|iPhone
		AppStore|iPhoneSimulator = AppStore|iPhoneSimulator
		AppStore|x64 = AppStore|x64
		AppStore|x86 = AppStore|x86
		Debug|Any CPU = Debug|Any CPU
		Debug|ARM = Debug|ARM
		Debug|iPhone = Debug|iPhone
		Debug|iPhoneSimulator = Debug|iPhoneSimulator
		Debug|x64 = Debug|x64
		Debug|x86 = Debug|x86
		Release|Any CPU = Release|Any CPU
		Release|ARM = Release|ARM
		Release|iPhone = Release|iPhone
		Release|iPhoneSimulator = Release|iPhoneSimulator
		Release|x64 = Release|x64
		Release|x86 = Release|x86
	EndGlobalSection
	GlobalSection(ProjectConfigurationPlatforms) = postSolution
		{CE718083-AAB9-48E7-BC50-9AD5625D79D7}.Ad-Hoc|Any CPU.ActiveCfg = Release|Any CPU
		{CE718083-AAB9-48E7-BC50-9AD5625D79D7}.Ad-Hoc|Any CPU.Build.0 = Release|Any CPU
		{CE718083-AAB9-48E7-BC50-9AD5625D79D7}.Ad-Hoc|Any CPU.Deploy.0 = Release|Any CPU
		{CE718083-AAB9-48E7-BC50-9AD5625D79D7}.Ad-Hoc|ARM.ActiveCfg = Release|ARM
		{CE718083-AAB9-48E7-BC50-9AD5625D79D7}.Ad-Hoc|ARM.Build.0 = Release|ARM
		{CE718083-AAB9-48E7-BC50-9AD5625D79D7}.Ad-Hoc|ARM.Deploy.0 = Release|ARM
		{CE718083-AAB9-48E7-BC50-9AD5625D79D7}.Ad-Hoc|iPhone.ActiveCfg = Release|Any CPU
		{CE718083-AAB9-48E7-BC50-9AD5625D79D7}.Ad-Hoc|iPhone.Build.0 = Release|Any CPU
		{CE718083-AAB9-48E7-BC50-9AD5625D79D7}.Ad-Hoc|iPhone.Deploy.0 = Release|Any CPU
		{CE718083-AAB9-48E7-BC50-9AD5625D79D7}.Ad-Hoc|iPhoneSimulator.ActiveCfg = Release|Any CPU
		{CE718083-AAB9-48E7-BC50-9AD5625D79D7}.Ad-Hoc|iPhoneSimulator.Build.0 = Release|Any CPU
		{CE718083-AAB9-48E7-BC50-9AD5625D79D7}.Ad-Hoc|iPhoneSimulator.Deploy.0 = Release|Any CPU
		{CE718083-AAB9-48E7-BC50-9AD5625D79D7}.Ad-Hoc|x64.ActiveCfg = Release|x64
		{CE718083-AAB9-48E7-BC50-9AD5625D79D7}.Ad-Hoc|x64.Build.0 = Release|x64
		{CE718083-AAB9-48E7-BC50-9AD5625D79D7}.Ad-Hoc|x64.Deploy.0 = Release|x64
		{CE718083-AAB9-48E7-BC50-9AD5625D79D7}.Ad-Hoc|x86.ActiveCfg = Release|x86
		{CE718083-AAB9-48E7-BC50-9AD5625D79D7}.Ad-Hoc|x86.Build.0 = Release|x86
		{CE718083-AAB9-48E7-BC50-9AD5625D79D7}.Ad-Hoc|x86.Deploy.0 = Release|x86
		{CE718083-AAB9-48E7-BC50-9AD5625D79D7}.AppStore|Any CPU.ActiveCfg = Release|Any CPU
		{CE718083-AAB9-48E7-BC50-9AD5625D79D7}.AppStore|Any CPU.Build.0 = Release|Any CPU
		{CE718083-AAB9-48E7-BC50-9AD5625D79D7}.AppStore|Any CPU.Deploy.0 = Release|Any CPU
		{CE718083-AAB9-48E7-BC50-9AD5625D79D7}.AppStore|ARM.ActiveCfg = Release|ARM
		{CE718083-AAB9-48E7-BC50-9AD5625D79D7}.AppStore|ARM.Build.0 = Release|ARM
		{CE718083-AAB9-48E7-BC50-9AD5625D79D7}.AppStore|ARM.Deploy.0 = Release|ARM
		{CE718083-AAB9-48E7-BC50-9AD5625D79D7}.AppStore|iPhone.ActiveCfg = Release|Any CPU
		{CE718083-AAB9-48E7-BC50-9AD5625D79D7}.AppStore|iPhone.Build.0 = Release|Any CPU
		{CE718083-AAB9-48E7-BC50-9AD5625D79D7}.AppStore|iPhone.Deploy.0 = Release|Any CPU
		{CE718083-AAB9-48E7-BC50-9AD5625D79D7}.AppStore|iPhoneSimulator.ActiveCfg = Release|Any CPU
		{CE718083-AAB9-48E7-BC50-9AD5625D79D7}.AppStore|iPhoneSimulator.Build.0 = Release|Any CPU
		{CE718083-AAB9-48E7-BC50-9AD5625D79D7}.AppStore|iPhoneSimulator.Deploy.0 = Release|Any CPU
		{CE718083-AAB9-48E7-BC50-9AD5625D79D7}.AppStore|x64.ActiveCfg = Release|x64
		{CE718083-AAB9-48E7-BC50-9AD5625D79D7}.AppStore|x64.Build.0 = Release|x64
		{CE718083-AAB9-48E7-BC50-9AD5625D79D7}.AppStore|x64.Deploy.0 = Release|x64
		{CE718083-AAB9-48E7-BC50-9AD5625D79D7}.AppStore|x86.ActiveCfg = Release|x86
		{CE718083-AAB9-48E7-BC50-9AD5625D79D7}.AppStore|x86.Build.0 = Release|x86
		{CE718083-AAB9-48E7-BC50-9AD5625D79D7}.AppStore|x86.Deploy.0 = Release|x86
		{CE718083-AAB9-48E7-BC50-9AD5625D79D7}.Debug|Any CPU.ActiveCfg = Debug|Any CPU
		{CE718083-AAB9-48E7-BC50-9AD5625D79D7}.Debug|Any CPU.Build.0 = Debug|Any CPU
		{CE718083-AAB9-48E7-BC50-9AD5625D79D7}.Debug|Any CPU.Deploy.0 = Debug|Any CPU
		{CE718083-AAB9-48E7-BC50-9AD5625D79D7}.Debug|ARM.ActiveCfg = Debug|ARM
		{CE718083-AAB9-48E7-BC50-9AD5625D79D7}.Debug|ARM.Build.0 = Debug|ARM
		{CE718083-AAB9-48E7-BC50-9AD5625D79D7}.Debug|ARM.Deploy.0 = Debug|ARM
		{CE718083-AAB9-48E7-BC50-9AD5625D79D7}.Debug|iPhone.ActiveCfg = Debug|Any CPU
		{CE718083-AAB9-48E7-BC50-9AD5625D79D7}.Debug|iPhone.Build.0 = Debug|Any CPU
		{CE718083-AAB9-48E7-BC50-9AD5625D79D7}.Debug|iPhone.Deploy.0 = Debug|Any CPU
		{CE718083-AAB9-48E7-BC50-9AD5625D79D7}.Debug|iPhoneSimulator.ActiveCfg = Debug|Any CPU
		{CE718083-AAB9-48E7-BC50-9AD5625D79D7}.Debug|iPhoneSimulator.Build.0 = Debug|Any CPU
		{CE718083-AAB9-48E7-BC50-9AD5625D79D7}.Debug|iPhoneSimulator.Deploy.0 = Debug|Any CPU
		{CE718083-AAB9-48E7-BC50-9AD5625D79D7}.Debug|x64.ActiveCfg = Debug|x64
		{CE718083-AAB9-48E7-BC50-9AD5625D79D7}.Debug|x64.Build.0 = Debug|x64
		{CE718083-AAB9-48E7-BC50-9AD5625D79D7}.Debug|x64.Deploy.0 = Debug|x64
		{CE718083-AAB9-48E7-BC50-9AD5625D79D7}.Debug|x86.ActiveCfg = Debug|x86
		{CE718083-AAB9-48E7-BC50-9AD5625D79D7}.Debug|x86.Build.0 = Debug|x86
		{CE718083-AAB9-48E7-BC50-9AD5625D79D7}.Debug|x86.Deploy.0 = Debug|x86
		{CE718083-AAB9-48E7-BC50-9AD5625D79D7}.Release|Any CPU.ActiveCfg = Release|Any CPU
		{CE718083-AAB9-48E7-BC50-9AD5625D79D7}.Release|Any CPU.Build.0 = Release|Any CPU
		{CE718083-AAB9-48E7-BC50-9AD5625D79D7}.Release|Any CPU.Deploy.0 = Release|Any CPU
		{CE718083-AAB9-48E7-BC50-9AD5625D79D7}.Release|ARM.ActiveCfg = Release|ARM
		{CE718083-AAB9-48E7-BC50-9AD5625D79D7}.Release|ARM.Build.0 = Release|ARM
		{CE718083-AAB9-48E7-BC50-9AD5625D79D7}.Release|ARM.Deploy.0 = Release|ARM
		{CE718083-AAB9-48E7-BC50-9AD5625D79D7}.Release|iPhone.ActiveCfg = Release|Any CPU
		{CE718083-AAB9-48E7-BC50-9AD5625D79D7}.Release|iPhone.Build.0 = Release|Any CPU
		{CE718083-AAB9-48E7-BC50-9AD5625D79D7}.Release|iPhone.Deploy.0 = Release|Any CPU
		{CE718083-AAB9-48E7-BC50-9AD5625D79D7}.Release|iPhoneSimulator.ActiveCfg = Release|Any CPU
		{CE718083-AAB9-48E7-BC50-9AD5625D79D7}.Release|iPhoneSimulator.Build.0 = Release|Any CPU
		{CE718083-AAB9-48E7-BC50-9AD5625D79D7}.Release|iPhoneSimulator.Deploy.0 = Release|Any CPU
		{CE718083-AAB9-48E7-BC50-9AD5625D79D7}.Release|x64.ActiveCfg = Release|x64
		{CE718083-AAB9-48E7-BC50-9AD5625D79D7}.Release|x64.Build.0 = Release|x64
		{CE718083-AAB9-48E7-BC50-9AD5625D79D7}.Release|x64.Deploy.0 = Release|x64
		{CE718083-AAB9-48E7-BC50-9AD5625D79D7}.Release|x86.ActiveCfg = Release|x86
		{CE718083-AAB9-48E7-BC50-9AD5625D79D7}.Release|x86.Build.0 = Release|x86
		{CE718083-AAB9-48E7-BC50-9AD5625D79D7}.Release|x86.Deploy.0 = Release|x86
		{2F011AE2-B23A-4850-913E-56415ECC0628}.Ad-Hoc|Any CPU.ActiveCfg = Release|Any CPU
		{2F011AE2-B23A-4850-913E-56415ECC0628}.Ad-Hoc|Any CPU.Build.0 = Release|Any CPU
		{2F011AE2-B23A-4850-913E-56415ECC0628}.Ad-Hoc|Any CPU.Deploy.0 = Release|Any CPU
		{2F011AE2-B23A-4850-913E-56415ECC0628}.Ad-Hoc|ARM.ActiveCfg = Release|ARM
		{2F011AE2-B23A-4850-913E-56415ECC0628}.Ad-Hoc|ARM.Build.0 = Release|ARM
		{2F011AE2-B23A-4850-913E-56415ECC0628}.Ad-Hoc|ARM.Deploy.0 = Release|ARM
		{2F011AE2-B23A-4850-913E-56415ECC0628}.Ad-Hoc|iPhone.ActiveCfg = Release|Any CPU
		{2F011AE2-B23A-4850-913E-56415ECC0628}.Ad-Hoc|iPhone.Build.0 = Release|Any CPU
		{2F011AE2-B23A-4850-913E-56415ECC0628}.Ad-Hoc|iPhone.Deploy.0 = Release|Any CPU
		{2F011AE2-B23A-4850-913E-56415ECC0628}.Ad-Hoc|iPhoneSimulator.ActiveCfg = Release|Any CPU
		{2F011AE2-B23A-4850-913E-56415ECC0628}.Ad-Hoc|iPhoneSimulator.Build.0 = Release|Any CPU
		{2F011AE2-B23A-4850-913E-56415ECC0628}.Ad-Hoc|iPhoneSimulator.Deploy.0 = Release|Any CPU
		{2F011AE2-B23A-4850-913E-56415ECC0628}.Ad-Hoc|x64.ActiveCfg = Release|Any CPU
		{2F011AE2-B23A-4850-913E-56415ECC0628}.Ad-Hoc|x64.Build.0 = Release|Any CPU
		{2F011AE2-B23A-4850-913E-56415ECC0628}.Ad-Hoc|x64.Deploy.0 = Release|Any CPU
		{2F011AE2-B23A-4850-913E-56415ECC0628}.Ad-Hoc|x86.ActiveCfg = Release|x86
		{2F011AE2-B23A-4850-913E-56415ECC0628}.Ad-Hoc|x86.Build.0 = Release|x86
		{2F011AE2-B23A-4850-913E-56415ECC0628}.Ad-Hoc|x86.Deploy.0 = Release|x86
		{2F011AE2-B23A-4850-913E-56415ECC0628}.AppStore|Any CPU.ActiveCfg = Release|Any CPU
		{2F011AE2-B23A-4850-913E-56415ECC0628}.AppStore|Any CPU.Build.0 = Release|Any CPU
		{2F011AE2-B23A-4850-913E-56415ECC0628}.AppStore|Any CPU.Deploy.0 = Release|Any CPU
		{2F011AE2-B23A-4850-913E-56415ECC0628}.AppStore|ARM.ActiveCfg = Release|ARM
		{2F011AE2-B23A-4850-913E-56415ECC0628}.AppStore|ARM.Build.0 = Release|ARM
		{2F011AE2-B23A-4850-913E-56415ECC0628}.AppStore|ARM.Deploy.0 = Release|ARM
		{2F011AE2-B23A-4850-913E-56415ECC0628}.AppStore|iPhone.ActiveCfg = Release|Any CPU
		{2F011AE2-B23A-4850-913E-56415ECC0628}.AppStore|iPhone.Build.0 = Release|Any CPU
		{2F011AE2-B23A-4850-913E-56415ECC0628}.AppStore|iPhone.Deploy.0 = Release|Any CPU
		{2F011AE2-B23A-4850-913E-56415ECC0628}.AppStore|iPhoneSimulator.ActiveCfg = Release|Any CPU
		{2F011AE2-B23A-4850-913E-56415ECC0628}.AppStore|iPhoneSimulator.Build.0 = Release|Any CPU
		{2F011AE2-B23A-4850-913E-56415ECC0628}.AppStore|iPhoneSimulator.Deploy.0 = Release|Any CPU
		{2F011AE2-B23A-4850-913E-56415ECC0628}.AppStore|x64.ActiveCfg = Release|Any CPU
		{2F011AE2-B23A-4850-913E-56415ECC0628}.AppStore|x64.Build.0 = Release|Any CPU
		{2F011AE2-B23A-4850-913E-56415ECC0628}.AppStore|x64.Deploy.0 = Release|Any CPU
		{2F011AE2-B23A-4850-913E-56415ECC0628}.AppStore|x86.ActiveCfg = Release|x86
		{2F011AE2-B23A-4850-913E-56415ECC0628}.AppStore|x86.Build.0 = Release|x86
		{2F011AE2-B23A-4850-913E-56415ECC0628}.AppStore|x86.Deploy.0 = Release|x86
		{2F011AE2-B23A-4850-913E-56415ECC0628}.Debug|Any CPU.ActiveCfg = Debug|Any CPU
		{2F011AE2-B23A-4850-913E-56415ECC0628}.Debug|Any CPU.Build.0 = Debug|Any CPU
		{2F011AE2-B23A-4850-913E-56415ECC0628}.Debug|Any CPU.Deploy.0 = Debug|Any CPU
		{2F011AE2-B23A-4850-913E-56415ECC0628}.Debug|ARM.ActiveCfg = Debug|ARM
		{2F011AE2-B23A-4850-913E-56415ECC0628}.Debug|ARM.Build.0 = Debug|ARM
		{2F011AE2-B23A-4850-913E-56415ECC0628}.Debug|ARM.Deploy.0 = Debug|ARM
		{2F011AE2-B23A-4850-913E-56415ECC0628}.Debug|iPhone.ActiveCfg = Debug|Any CPU
		{2F011AE2-B23A-4850-913E-56415ECC0628}.Debug|iPhone.Build.0 = Debug|Any CPU
		{2F011AE2-B23A-4850-913E-56415ECC0628}.Debug|iPhone.Deploy.0 = Debug|Any CPU
		{2F011AE2-B23A-4850-913E-56415ECC0628}.Debug|iPhoneSimulator.ActiveCfg = Debug|Any CPU
		{2F011AE2-B23A-4850-913E-56415ECC0628}.Debug|iPhoneSimulator.Build.0 = Debug|Any CPU
		{2F011AE2-B23A-4850-913E-56415ECC0628}.Debug|iPhoneSimulator.Deploy.0 = Debug|Any CPU
		{2F011AE2-B23A-4850-913E-56415ECC0628}.Debug|x64.ActiveCfg = Debug|Any CPU
		{2F011AE2-B23A-4850-913E-56415ECC0628}.Debug|x64.Build.0 = Debug|Any CPU
		{2F011AE2-B23A-4850-913E-56415ECC0628}.Debug|x64.Deploy.0 = Debug|Any CPU
		{2F011AE2-B23A-4850-913E-56415ECC0628}.Debug|x86.ActiveCfg = Debug|x86
		{2F011AE2-B23A-4850-913E-56415ECC0628}.Debug|x86.Build.0 = Debug|x86
		{2F011AE2-B23A-4850-913E-56415ECC0628}.Debug|x86.Deploy.0 = Debug|x86
		{2F011AE2-B23A-4850-913E-56415ECC0628}.Release|Any CPU.ActiveCfg = Release|Any CPU
		{2F011AE2-B23A-4850-913E-56415ECC0628}.Release|Any CPU.Build.0 = Release|Any CPU
		{2F011AE2-B23A-4850-913E-56415ECC0628}.Release|Any CPU.Deploy.0 = Release|Any CPU
		{2F011AE2-B23A-4850-913E-56415ECC0628}.Release|ARM.ActiveCfg = Release|ARM
		{2F011AE2-B23A-4850-913E-56415ECC0628}.Release|ARM.Build.0 = Release|ARM
		{2F011AE2-B23A-4850-913E-56415ECC0628}.Release|ARM.Deploy.0 = Release|ARM
		{2F011AE2-B23A-4850-913E-56415ECC0628}.Release|iPhone.ActiveCfg = Release|Any CPU
		{2F011AE2-B23A-4850-913E-56415ECC0628}.Release|iPhone.Build.0 = Release|Any CPU
		{2F011AE2-B23A-4850-913E-56415ECC0628}.Release|iPhone.Deploy.0 = Release|Any CPU
		{2F011AE2-B23A-4850-913E-56415ECC0628}.Release|iPhoneSimulator.ActiveCfg = Release|Any CPU
		{2F011AE2-B23A-4850-913E-56415ECC0628}.Release|iPhoneSimulator.Build.0 = Release|Any CPU
		{2F011AE2-B23A-4850-913E-56415ECC0628}.Release|iPhoneSimulator.Deploy.0 = Release|Any CPU
		{2F011AE2-B23A-4850-913E-56415ECC0628}.Release|x64.ActiveCfg = Release|Any CPU
		{2F011AE2-B23A-4850-913E-56415ECC0628}.Release|x64.Build.0 = Release|Any CPU
		{2F011AE2-B23A-4850-913E-56415ECC0628}.Release|x64.Deploy.0 = Release|Any CPU
		{2F011AE2-B23A-4850-913E-56415ECC0628}.Release|x86.ActiveCfg = Release|x86
		{2F011AE2-B23A-4850-913E-56415ECC0628}.Release|x86.Build.0 = Release|x86
		{2F011AE2-B23A-4850-913E-56415ECC0628}.Release|x86.Deploy.0 = Release|x86
		{C30CBBA2-41A8-4752-81F5-E9DC820C47F5}.Ad-Hoc|Any CPU.ActiveCfg = Release|Any CPU
		{C30CBBA2-41A8-4752-81F5-E9DC820C47F5}.Ad-Hoc|Any CPU.Build.0 = Release|Any CPU
		{C30CBBA2-41A8-4752-81F5-E9DC820C47F5}.Ad-Hoc|Any CPU.Deploy.0 = Release|Any CPU
		{C30CBBA2-41A8-4752-81F5-E9DC820C47F5}.Ad-Hoc|ARM.ActiveCfg = Release|Any CPU
		{C30CBBA2-41A8-4752-81F5-E9DC820C47F5}.Ad-Hoc|ARM.Build.0 = Release|Any CPU
		{C30CBBA2-41A8-4752-81F5-E9DC820C47F5}.Ad-Hoc|ARM.Deploy.0 = Release|Any CPU
		{C30CBBA2-41A8-4752-81F5-E9DC820C47F5}.Ad-Hoc|iPhone.ActiveCfg = Release|Any CPU
		{C30CBBA2-41A8-4752-81F5-E9DC820C47F5}.Ad-Hoc|iPhone.Build.0 = Release|Any CPU
		{C30CBBA2-41A8-4752-81F5-E9DC820C47F5}.Ad-Hoc|iPhone.Deploy.0 = Release|Any CPU
		{C30CBBA2-41A8-4752-81F5-E9DC820C47F5}.Ad-Hoc|iPhoneSimulator.ActiveCfg = Release|Any CPU
		{C30CBBA2-41A8-4752-81F5-E9DC820C47F5}.Ad-Hoc|iPhoneSimulator.Build.0 = Release|Any CPU
		{C30CBBA2-41A8-4752-81F5-E9DC820C47F5}.Ad-Hoc|iPhoneSimulator.Deploy.0 = Release|Any CPU
		{C30CBBA2-41A8-4752-81F5-E9DC820C47F5}.Ad-Hoc|x64.ActiveCfg = Release|Any CPU
		{C30CBBA2-41A8-4752-81F5-E9DC820C47F5}.Ad-Hoc|x64.Build.0 = Release|Any CPU
		{C30CBBA2-41A8-4752-81F5-E9DC820C47F5}.Ad-Hoc|x64.Deploy.0 = Release|Any CPU
		{C30CBBA2-41A8-4752-81F5-E9DC820C47F5}.Ad-Hoc|x86.ActiveCfg = Release|Any CPU
		{C30CBBA2-41A8-4752-81F5-E9DC820C47F5}.Ad-Hoc|x86.Build.0 = Release|Any CPU
		{C30CBBA2-41A8-4752-81F5-E9DC820C47F5}.Ad-Hoc|x86.Deploy.0 = Release|Any CPU
		{C30CBBA2-41A8-4752-81F5-E9DC820C47F5}.AppStore|Any CPU.ActiveCfg = Release|Any CPU
		{C30CBBA2-41A8-4752-81F5-E9DC820C47F5}.AppStore|Any CPU.Build.0 = Release|Any CPU
		{C30CBBA2-41A8-4752-81F5-E9DC820C47F5}.AppStore|Any CPU.Deploy.0 = Release|Any CPU
		{C30CBBA2-41A8-4752-81F5-E9DC820C47F5}.AppStore|ARM.ActiveCfg = Release|Any CPU
		{C30CBBA2-41A8-4752-81F5-E9DC820C47F5}.AppStore|ARM.Build.0 = Release|Any CPU
		{C30CBBA2-41A8-4752-81F5-E9DC820C47F5}.AppStore|ARM.Deploy.0 = Release|Any CPU
		{C30CBBA2-41A8-4752-81F5-E9DC820C47F5}.AppStore|iPhone.ActiveCfg = Release|Any CPU
		{C30CBBA2-41A8-4752-81F5-E9DC820C47F5}.AppStore|iPhone.Build.0 = Release|Any CPU
		{C30CBBA2-41A8-4752-81F5-E9DC820C47F5}.AppStore|iPhone.Deploy.0 = Release|Any CPU
		{C30CBBA2-41A8-4752-81F5-E9DC820C47F5}.AppStore|iPhoneSimulator.ActiveCfg = Release|Any CPU
		{C30CBBA2-41A8-4752-81F5-E9DC820C47F5}.AppStore|iPhoneSimulator.Build.0 = Release|Any CPU
		{C30CBBA2-41A8-4752-81F5-E9DC820C47F5}.AppStore|iPhoneSimulator.Deploy.0 = Release|Any CPU
		{C30CBBA2-41A8-4752-81F5-E9DC820C47F5}.AppStore|x64.ActiveCfg = Release|Any CPU
		{C30CBBA2-41A8-4752-81F5-E9DC820C47F5}.AppStore|x64.Build.0 = Release|Any CPU
		{C30CBBA2-41A8-4752-81F5-E9DC820C47F5}.AppStore|x64.Deploy.0 = Release|Any CPU
		{C30CBBA2-41A8-4752-81F5-E9DC820C47F5}.AppStore|x86.ActiveCfg = Release|Any CPU
		{C30CBBA2-41A8-4752-81F5-E9DC820C47F5}.AppStore|x86.Build.0 = Release|Any CPU
		{C30CBBA2-41A8-4752-81F5-E9DC820C47F5}.AppStore|x86.Deploy.0 = Release|Any CPU
		{C30CBBA2-41A8-4752-81F5-E9DC820C47F5}.Debug|Any CPU.ActiveCfg = Debug|Any CPU
		{C30CBBA2-41A8-4752-81F5-E9DC820C47F5}.Debug|Any CPU.Build.0 = Debug|Any CPU
		{C30CBBA2-41A8-4752-81F5-E9DC820C47F5}.Debug|Any CPU.Deploy.0 = Debug|Any CPU
		{C30CBBA2-41A8-4752-81F5-E9DC820C47F5}.Debug|ARM.ActiveCfg = Debug|Any CPU
		{C30CBBA2-41A8-4752-81F5-E9DC820C47F5}.Debug|ARM.Build.0 = Debug|Any CPU
		{C30CBBA2-41A8-4752-81F5-E9DC820C47F5}.Debug|ARM.Deploy.0 = Debug|Any CPU
		{C30CBBA2-41A8-4752-81F5-E9DC820C47F5}.Debug|iPhone.ActiveCfg = Debug|Any CPU
		{C30CBBA2-41A8-4752-81F5-E9DC820C47F5}.Debug|iPhone.Build.0 = Debug|Any CPU
		{C30CBBA2-41A8-4752-81F5-E9DC820C47F5}.Debug|iPhone.Deploy.0 = Debug|Any CPU
		{C30CBBA2-41A8-4752-81F5-E9DC820C47F5}.Debug|iPhoneSimulator.ActiveCfg = Debug|Any CPU
		{C30CBBA2-41A8-4752-81F5-E9DC820C47F5}.Debug|iPhoneSimulator.Build.0 = Debug|Any CPU
		{C30CBBA2-41A8-4752-81F5-E9DC820C47F5}.Debug|iPhoneSimulator.Deploy.0 = Debug|Any CPU
		{C30CBBA2-41A8-4752-81F5-E9DC820C47F5}.Debug|x64.ActiveCfg = Debug|Any CPU
		{C30CBBA2-41A8-4752-81F5-E9DC820C47F5}.Debug|x64.Build.0 = Debug|Any CPU
		{C30CBBA2-41A8-4752-81F5-E9DC820C47F5}.Debug|x64.Deploy.0 = Debug|Any CPU
		{C30CBBA2-41A8-4752-81F5-E9DC820C47F5}.Debug|x86.ActiveCfg = Debug|Any CPU
		{C30CBBA2-41A8-4752-81F5-E9DC820C47F5}.Debug|x86.Build.0 = Debug|Any CPU
		{C30CBBA2-41A8-4752-81F5-E9DC820C47F5}.Debug|x86.Deploy.0 = Debug|Any CPU
		{C30CBBA2-41A8-4752-81F5-E9DC820C47F5}.Release|Any CPU.ActiveCfg = Release|Any CPU
		{C30CBBA2-41A8-4752-81F5-E9DC820C47F5}.Release|Any CPU.Build.0 = Release|Any CPU
		{C30CBBA2-41A8-4752-81F5-E9DC820C47F5}.Release|Any CPU.Deploy.0 = Release|Any CPU
		{C30CBBA2-41A8-4752-81F5-E9DC820C47F5}.Release|ARM.ActiveCfg = Release|Any CPU
		{C30CBBA2-41A8-4752-81F5-E9DC820C47F5}.Release|ARM.Build.0 = Release|Any CPU
		{C30CBBA2-41A8-4752-81F5-E9DC820C47F5}.Release|ARM.Deploy.0 = Release|Any CPU
		{C30CBBA2-41A8-4752-81F5-E9DC820C47F5}.Release|iPhone.ActiveCfg = Release|Any CPU
		{C30CBBA2-41A8-4752-81F5-E9DC820C47F5}.Release|iPhone.Build.0 = Release|Any CPU
		{C30CBBA2-41A8-4752-81F5-E9DC820C47F5}.Release|iPhone.Deploy.0 = Release|Any CPU
		{C30CBBA2-41A8-4752-81F5-E9DC820C47F5}.Release|iPhoneSimulator.ActiveCfg = Release|Any CPU
		{C30CBBA2-41A8-4752-81F5-E9DC820C47F5}.Release|iPhoneSimulator.Build.0 = Release|Any CPU
		{C30CBBA2-41A8-4752-81F5-E9DC820C47F5}.Release|iPhoneSimulator.Deploy.0 = Release|Any CPU
		{C30CBBA2-41A8-4752-81F5-E9DC820C47F5}.Release|x64.ActiveCfg = Release|Any CPU
		{C30CBBA2-41A8-4752-81F5-E9DC820C47F5}.Release|x64.Build.0 = Release|Any CPU
		{C30CBBA2-41A8-4752-81F5-E9DC820C47F5}.Release|x64.Deploy.0 = Release|Any CPU
		{C30CBBA2-41A8-4752-81F5-E9DC820C47F5}.Release|x86.ActiveCfg = Release|Any CPU
		{C30CBBA2-41A8-4752-81F5-E9DC820C47F5}.Release|x86.Build.0 = Release|Any CPU
		{C30CBBA2-41A8-4752-81F5-E9DC820C47F5}.Release|x86.Deploy.0 = Release|Any CPU
		{8CBB691F-7078-4420-94D6-D739F95E01AA}.Ad-Hoc|Any CPU.ActiveCfg = Release|Any CPU
		{8CBB691F-7078-4420-94D6-D739F95E01AA}.Ad-Hoc|Any CPU.Build.0 = Release|Any CPU
		{8CBB691F-7078-4420-94D6-D739F95E01AA}.Ad-Hoc|ARM.ActiveCfg = Release|Any CPU
		{8CBB691F-7078-4420-94D6-D739F95E01AA}.Ad-Hoc|ARM.Build.0 = Release|Any CPU
		{8CBB691F-7078-4420-94D6-D739F95E01AA}.Ad-Hoc|iPhone.ActiveCfg = Release|Any CPU
		{8CBB691F-7078-4420-94D6-D739F95E01AA}.Ad-Hoc|iPhone.Build.0 = Release|Any CPU
		{8CBB691F-7078-4420-94D6-D739F95E01AA}.Ad-Hoc|iPhoneSimulator.ActiveCfg = Release|Any CPU
		{8CBB691F-7078-4420-94D6-D739F95E01AA}.Ad-Hoc|iPhoneSimulator.Build.0 = Release|Any CPU
		{8CBB691F-7078-4420-94D6-D739F95E01AA}.Ad-Hoc|x64.ActiveCfg = Release|Any CPU
		{8CBB691F-7078-4420-94D6-D739F95E01AA}.Ad-Hoc|x64.Build.0 = Release|Any CPU
		{8CBB691F-7078-4420-94D6-D739F95E01AA}.Ad-Hoc|x86.ActiveCfg = Release|Any CPU
		{8CBB691F-7078-4420-94D6-D739F95E01AA}.Ad-Hoc|x86.Build.0 = Release|Any CPU
		{8CBB691F-7078-4420-94D6-D739F95E01AA}.AppStore|Any CPU.ActiveCfg = Release|Any CPU
		{8CBB691F-7078-4420-94D6-D739F95E01AA}.AppStore|Any CPU.Build.0 = Release|Any CPU
		{8CBB691F-7078-4420-94D6-D739F95E01AA}.AppStore|ARM.ActiveCfg = Release|Any CPU
		{8CBB691F-7078-4420-94D6-D739F95E01AA}.AppStore|ARM.Build.0 = Release|Any CPU
		{8CBB691F-7078-4420-94D6-D739F95E01AA}.AppStore|iPhone.ActiveCfg = Release|Any CPU
		{8CBB691F-7078-4420-94D6-D739F95E01AA}.AppStore|iPhone.Build.0 = Release|Any CPU
		{8CBB691F-7078-4420-94D6-D739F95E01AA}.AppStore|iPhoneSimulator.ActiveCfg = Release|Any CPU
		{8CBB691F-7078-4420-94D6-D739F95E01AA}.AppStore|iPhoneSimulator.Build.0 = Release|Any CPU
		{8CBB691F-7078-4420-94D6-D739F95E01AA}.AppStore|x64.ActiveCfg = Release|Any CPU
		{8CBB691F-7078-4420-94D6-D739F95E01AA}.AppStore|x64.Build.0 = Release|Any CPU
		{8CBB691F-7078-4420-94D6-D739F95E01AA}.AppStore|x86.ActiveCfg = Release|Any CPU
		{8CBB691F-7078-4420-94D6-D739F95E01AA}.AppStore|x86.Build.0 = Release|Any CPU
		{8CBB691F-7078-4420-94D6-D739F95E01AA}.Debug|Any CPU.ActiveCfg = Debug|Any CPU
		{8CBB691F-7078-4420-94D6-D739F95E01AA}.Debug|Any CPU.Build.0 = Debug|Any CPU
		{8CBB691F-7078-4420-94D6-D739F95E01AA}.Debug|ARM.ActiveCfg = Debug|Any CPU
		{8CBB691F-7078-4420-94D6-D739F95E01AA}.Debug|ARM.Build.0 = Debug|Any CPU
		{8CBB691F-7078-4420-94D6-D739F95E01AA}.Debug|iPhone.ActiveCfg = Debug|Any CPU
		{8CBB691F-7078-4420-94D6-D739F95E01AA}.Debug|iPhone.Build.0 = Debug|Any CPU
		{8CBB691F-7078-4420-94D6-D739F95E01AA}.Debug|iPhoneSimulator.ActiveCfg = Debug|Any CPU
		{8CBB691F-7078-4420-94D6-D739F95E01AA}.Debug|iPhoneSimulator.Build.0 = Debug|Any CPU
		{8CBB691F-7078-4420-94D6-D739F95E01AA}.Debug|x64.ActiveCfg = Debug|Any CPU
		{8CBB691F-7078-4420-94D6-D739F95E01AA}.Debug|x64.Build.0 = Debug|Any CPU
		{8CBB691F-7078-4420-94D6-D739F95E01AA}.Debug|x86.ActiveCfg = Debug|Any CPU
		{8CBB691F-7078-4420-94D6-D739F95E01AA}.Debug|x86.Build.0 = Debug|Any CPU
		{8CBB691F-7078-4420-94D6-D739F95E01AA}.Release|Any CPU.ActiveCfg = Release|Any CPU
		{8CBB691F-7078-4420-94D6-D739F95E01AA}.Release|Any CPU.Build.0 = Release|Any CPU
		{8CBB691F-7078-4420-94D6-D739F95E01AA}.Release|ARM.ActiveCfg = Release|Any CPU
		{8CBB691F-7078-4420-94D6-D739F95E01AA}.Release|ARM.Build.0 = Release|Any CPU
		{8CBB691F-7078-4420-94D6-D739F95E01AA}.Release|iPhone.ActiveCfg = Release|Any CPU
		{8CBB691F-7078-4420-94D6-D739F95E01AA}.Release|iPhone.Build.0 = Release|Any CPU
		{8CBB691F-7078-4420-94D6-D739F95E01AA}.Release|iPhoneSimulator.ActiveCfg = Release|Any CPU
		{8CBB691F-7078-4420-94D6-D739F95E01AA}.Release|iPhoneSimulator.Build.0 = Release|Any CPU
		{8CBB691F-7078-4420-94D6-D739F95E01AA}.Release|x64.ActiveCfg = Release|Any CPU
		{8CBB691F-7078-4420-94D6-D739F95E01AA}.Release|x64.Build.0 = Release|Any CPU
		{8CBB691F-7078-4420-94D6-D739F95E01AA}.Release|x86.ActiveCfg = Release|Any CPU
		{8CBB691F-7078-4420-94D6-D739F95E01AA}.Release|x86.Build.0 = Release|Any CPU
	EndGlobalSection
	GlobalSection(SolutionProperties) = preSolution
		HideSolutionNode = FALSE
	EndGlobalSection
	GlobalSection(NestedProjects) = preSolution
		{3B39507A-7A2C-4F46-BFE3-38BEA63268F7} = {ED3F8890-FD1B-4EC8-A59A-3C5BB91AE959}
		{CE718083-AAB9-48E7-BC50-9AD5625D79D7} = {ED3F8890-FD1B-4EC8-A59A-3C5BB91AE959}
		{2F011AE2-B23A-4850-913E-56415ECC0628} = {ED3F8890-FD1B-4EC8-A59A-3C5BB91AE959}
	EndGlobalSection
EndGlobal
